
Microsoft Visual Studio Solution File, Format Version 12.00
# Visual Studio Version 16
VisualStudioVersion = 16.0.31624.102
MinimumVisualStudioVersion = 10.0.40219.1
Project("{8BC9CEB8-8B4A-11D0-8D11-00A0C91BC942}") = "GamePhysics", "GamePhysics\GamePhysics.vcxproj", "{EC9A05DB-37E1-4601-8CD2-D8E32E193D97}"
EndProject
Project("{8BC9CEB8-8B4A-11D0-8D11-00A0C91BC942}") = "DemoCommon", "DemoCommon\DemoCommon.vcxproj", "{6A930AB3-F64E-4E0D-91CC-ACAF49464BF6}"
EndProject
Project("{8BC9CEB8-8B4A-11D0-8D11-00A0C91BC942}") = "BasicDemo", "BasicDemo\BasicDemo.vcxproj", "{41B40984-E583-41A6-8E95-DE352770C44B}"
	ProjectSection(ProjectDependencies) = postProject
		{6A930AB3-F64E-4E0D-91CC-ACAF49464BF6} = {6A930AB3-F64E-4E0D-91CC-ACAF49464BF6}
		{EC9A05DB-37E1-4601-8CD2-D8E32E193D97} = {EC9A05DB-37E1-4601-8CD2-D8E32E193D97}
	EndProjectSection
EndProject
Global
	GlobalSection(SolutionConfigurationPlatforms) = preSolution
		Debug|x64 = Debug|x64
		Debug|x86 = Debug|x86
		Release|x64 = Release|x64
		Release|x86 = Release|x86
	EndGlobalSection
	GlobalSection(ProjectConfigurationPlatforms) = postSolution
		{EC9A05DB-37E1-4601-8CD2-D8E32E193D97}.Debug|x64.ActiveCfg = Debug|x64
		{EC9A05DB-37E1-4601-8CD2-D8E32E193D97}.Debug|x64.Build.0 = Debug|x64
		{EC9A05DB-37E1-4601-8CD2-D8E32E193D97}.Debug|x86.ActiveCfg = Debug|Win32
		{EC9A05DB-37E1-4601-8CD2-D8E32E193D97}.Debug|x86.Build.0 = Debug|Win32
		{EC9A05DB-37E1-4601-8CD2-D8E32E193D97}.Release|x64.ActiveCfg = Release|x64
		{EC9A05DB-37E1-4601-8CD2-D8E32E193D97}.Release|x64.Build.0 = Release|x64
		{EC9A05DB-37E1-4601-8CD2-D8E32E193D97}.Release|x86.ActiveCfg = Release|Win32
		{EC9A05DB-37E1-4601-8CD2-D8E32E193D97}.Release|x86.Build.0 = Release|Win32
		{6A930AB3-F64E-4E0D-91CC-ACAF49464BF6}.Debug|x64.ActiveCfg = Debug|x64
		{6A930AB3-F64E-4E0D-91CC-ACAF49464BF6}.Debug|x64.Build.0 = Debug|x64
		{6A930AB3-F64E-4E0D-91CC-ACAF49464BF6}.Debug|x86.ActiveCfg = Debug|Win32
		{6A930AB3-F64E-4E0D-91CC-ACAF49464BF6}.Debug|x86.Build.0 = Debug|Win32
		{6A930AB3-F64E-4E0D-91CC-ACAF49464BF6}.Release|x64.ActiveCfg = Release|x64
		{6A930AB3-F64E-4E0D-91CC-ACAF49464BF6}.Release|x64.Build.0 = Release|x64
		{6A930AB3-F64E-4E0D-91CC-ACAF49464BF6}.Release|x86.ActiveCfg = Release|Win32
		{6A930AB3-F64E-4E0D-91CC-ACAF49464BF6}.Release|x86.Build.0 = Release|Win32
		{41B40984-E583-41A6-8E95-DE352770C44B}.Debug|x64.ActiveCfg = Debug|x64
		{41B40984-E583-41A6-8E95-DE352770C44B}.Debug|x64.Build.0 = Debug|x64
		{41B40984-E583-41A6-8E95-DE352770C44B}.Debug|x86.ActiveCfg = Debug|Win32
		{41B40984-E583-41A6-8E95-DE352770C44B}.Debug|x86.Build.0 = Debug|Win32
		{41B40984-E583-41A6-8E95-DE352770C44B}.Release|x64.ActiveCfg = Release|x64
		{41B40984-E583-41A6-8E95-DE352770C44B}.Release|x64.Build.0 = Release|x64
		{41B40984-E583-41A6-8E95-DE352770C44B}.Release|x86.ActiveCfg = Release|Win32
		{41B40984-E583-41A6-8E95-DE352770C44B}.Release|x86.Build.0 = Release|Win32
	EndGlobalSection
	GlobalSection(SolutionProperties) = preSolution
		HideSolutionNode = FALSE
	EndGlobalSection
	GlobalSection(ExtensibilityGlobals) = postSolution
		SolutionGuid = {A7C7E69A-D20C-49BA-A80F-0F375BDE118E}
	EndGlobalSection
EndGlobal
